
Microsoft Visual Studio Solution File, Format Version 12.00
# Visual Studio Version 17
VisualStudioVersion = 17.2.32630.192
MinimumVisualStudioVersion = 16.0.0.0
Project("{9A19103F-16F7-4668-BE54-9A1E7A4F7556}") = "MyGame3.Windows", "MyGame3.Windows\MyGame3.Windows.csproj", "{AFD10880-2E9F-4FED-9309-4971C5BCC41E}"
EndProject
Project("{9A19103F-16F7-4668-BE54-9A1E7A4F7556}") = "MyGame3", "MyGame3\MyGame3.csproj", "{96AA7F5C-3087-4D7F-811F-13B0793572D4}"
EndProject
Global
	GlobalSection(SolutionConfigurationPlatforms) = preSolution
		Debug|Any CPU = Debug|Any CPU
		Release|Any CPU = Release|Any CPU
	EndGlobalSection
	GlobalSection(ProjectConfigurationPlatforms) = postSolution
		{AFD10880-2E9F-4FED-9309-4971C5BCC41E}.Debug|Any CPU.ActiveCfg = Debug|Any CPU
		{AFD10880-2E9F-4FED-9309-4971C5BCC41E}.Debug|Any CPU.Build.0 = Debug|Any CPU
		{AFD10880-2E9F-4FED-9309-4971C5BCC41E}.Release|Any CPU.ActiveCfg = Release|Any CPU
		{AFD10880-2E9F-4FED-9309-4971C5BCC41E}.Release|Any CPU.Build.0 = Release|Any CPU
		{96AA7F5C-3087-4D7F-811F-13B0793572D4}.Debug|Any CPU.ActiveCfg = Debug|Any CPU
		{96AA7F5C-3087-4D7F-811F-13B0793572D4}.Debug|Any CPU.Build.0 = Debug|Any CPU
		{96AA7F5C-3087-4D7F-811F-13B0793572D4}.Release|Any CPU.ActiveCfg = Release|Any CPU
		{96AA7F5C-3087-4D7F-811F-13B0793572D4}.Release|Any CPU.Build.0 = Release|Any CPU
	EndGlobalSection
	GlobalSection(SolutionProperties) = preSolution
		HideSolutionNode = FALSE
	EndGlobalSection
	GlobalSection(ExtensibilityGlobals) = postSolution
		SolutionGuid = {A8CD49F2-55A8-4683-B52C-F151446D0909}
	EndGlobalSection
EndGlobal
